# This file is automatically @generated by Cargo.
# It is not intended for manual editing.
[[package]]
name = "libc"
version = "0.2.65"
source = "registry+https://github.com/rust-lang/crates.io-index"

[[package]]
name = "pru_module"
version = "0.1.0"
dependencies = [
 "libc 0.2.65 (registry+https://github.com/rust-lang/crates.io-index)",
 "prusst 1.0.0 (registry+https://github.com/rust-lang/crates.io-index)",
]

[[package]]
name = "prusst"
version = "1.0.0"
source = "registry+https://github.com/rust-lang/crates.io-index"
dependencies = [
 "libc 0.2.65 (registry+https://github.com/rust-lang/crates.io-index)",
]

[metadata]
"checksum libc 0.2.65 (registry+https://github.com/rust-lang/crates.io-index)" = "1a31a0627fdf1f6a39ec0dd577e101440b7db22672c0901fe00a9a6fbb5c24e8"
"checksum prusst 1.0.0 (registry+https://github.com/rust-lang/crates.io-index)" = "dd83c07db260cf3a044a28e0c5ef3e4abaa876e31dea6123952a75dbad6b22d2"
